
Microsoft Visual Studio Solution File, Format Version 12.00
# Visual Studio 14
VisualStudioVersion = 14.0.25420.1
MinimumVisualStudioVersion = 10.0.40219.1
Project("{FAE04EC0-301F-11D3-BF4B-00C04F79EFBC}") = "BattleShip.Web", "BattleShip.Web\BattleShip.Web.csproj", "{575CF0A1-9B03-4AC4-B983-EE28845EC3B2}"
EndProject
Project("{FAE04EC0-301F-11D3-BF4B-00C04F79EFBC}") = "BattleShip.Service", "BattleShip.Service\BattleShip.Service.csproj", "{0224424C-A7D8-4EDB-B90A-6A5791CCB099}"
EndProject
Project("{FAE04EC0-301F-11D3-BF4B-00C04F79EFBC}") = "BattleShip.Model", "BattleShip.Model\BattleShip.Model.csproj", "{61F33593-DDB5-4597-87CE-9958B111AB04}"
EndProject
Global
	GlobalSection(SolutionConfigurationPlatforms) = preSolution
		Debug|Any CPU = Debug|Any CPU
		Release|Any CPU = Release|Any CPU
	EndGlobalSection
	GlobalSection(ProjectConfigurationPlatforms) = postSolution
		{575CF0A1-9B03-4AC4-B983-EE28845EC3B2}.Debug|Any CPU.ActiveCfg = Debug|Any CPU
		{575CF0A1-9B03-4AC4-B983-EE28845EC3B2}.Debug|Any CPU.Build.0 = Debug|Any CPU
		{575CF0A1-9B03-4AC4-B983-EE28845EC3B2}.Release|Any CPU.ActiveCfg = Release|Any CPU
		{575CF0A1-9B03-4AC4-B983-EE28845EC3B2}.Release|Any CPU.Build.0 = Release|Any CPU
		{0224424C-A7D8-4EDB-B90A-6A5791CCB099}.Debug|Any CPU.ActiveCfg = Debug|Any CPU
		{0224424C-A7D8-4EDB-B90A-6A5791CCB099}.Debug|Any CPU.Build.0 = Debug|Any CPU
		{0224424C-A7D8-4EDB-B90A-6A5791CCB099}.Release|Any CPU.ActiveCfg = Release|Any CPU
		{0224424C-A7D8-4EDB-B90A-6A5791CCB099}.Release|Any CPU.Build.0 = Release|Any CPU
		{61F33593-DDB5-4597-87CE-9958B111AB04}.Debug|Any CPU.ActiveCfg = Debug|Any CPU
		{61F33593-DDB5-4597-87CE-9958B111AB04}.Debug|Any CPU.Build.0 = Debug|Any CPU
		{61F33593-DDB5-4597-87CE-9958B111AB04}.Release|Any CPU.ActiveCfg = Release|Any CPU
		{61F33593-DDB5-4597-87CE-9958B111AB04}.Release|Any CPU.Build.0 = Release|Any CPU
	EndGlobalSection
	GlobalSection(SolutionProperties) = preSolution
		HideSolutionNode = FALSE
	EndGlobalSection
EndGlobal
