
Microsoft Visual Studio Solution File, Format Version 12.00
# Visual Studio Version 16
VisualStudioVersion = 16.0.31105.61
MinimumVisualStudioVersion = 10.0.40219.1
Project("{FAE04EC0-301F-11D3-BF4B-00C04F79EFBC}") = "BattleShip.webAPI", "BattleShip.webAPI\BattleShip.webAPI.csproj", "{56633B83-4C1F-455F-B439-4AA5C20F9BA1}"
EndProject
Project("{FAE04EC0-301F-11D3-BF4B-00C04F79EFBC}") = "BattleShip.Model", "BattleShip.Model\BattleShip.Model.csproj", "{77DCB856-0BD7-4343-82CE-B98DCB26CF40}"
EndProject
Project("{FAE04EC0-301F-11D3-BF4B-00C04F79EFBC}") = "BattleShip.Service", "BattleShip.Service\BattleShip.Service.csproj", "{7B855209-8C9A-4295-B902-98CAF4A79735}"
EndProject
Global
	GlobalSection(SolutionConfigurationPlatforms) = preSolution
		Debug|Any CPU = Debug|Any CPU
		Release|Any CPU = Release|Any CPU
	EndGlobalSection
	GlobalSection(ProjectConfigurationPlatforms) = postSolution
		{56633B83-4C1F-455F-B439-4AA5C20F9BA1}.Debug|Any CPU.ActiveCfg = Debug|Any CPU
		{56633B83-4C1F-455F-B439-4AA5C20F9BA1}.Debug|Any CPU.Build.0 = Debug|Any CPU
		{56633B83-4C1F-455F-B439-4AA5C20F9BA1}.Release|Any CPU.ActiveCfg = Release|Any CPU
		{56633B83-4C1F-455F-B439-4AA5C20F9BA1}.Release|Any CPU.Build.0 = Release|Any CPU
		{77DCB856-0BD7-4343-82CE-B98DCB26CF40}.Debug|Any CPU.ActiveCfg = Debug|Any CPU
		{77DCB856-0BD7-4343-82CE-B98DCB26CF40}.Debug|Any CPU.Build.0 = Debug|Any CPU
		{77DCB856-0BD7-4343-82CE-B98DCB26CF40}.Release|Any CPU.ActiveCfg = Release|Any CPU
		{77DCB856-0BD7-4343-82CE-B98DCB26CF40}.Release|Any CPU.Build.0 = Release|Any CPU
		{7B855209-8C9A-4295-B902-98CAF4A79735}.Debug|Any CPU.ActiveCfg = Debug|Any CPU
		{7B855209-8C9A-4295-B902-98CAF4A79735}.Debug|Any CPU.Build.0 = Debug|Any CPU
		{7B855209-8C9A-4295-B902-98CAF4A79735}.Release|Any CPU.ActiveCfg = Release|Any CPU
		{7B855209-8C9A-4295-B902-98CAF4A79735}.Release|Any CPU.Build.0 = Release|Any CPU
	EndGlobalSection
	GlobalSection(SolutionProperties) = preSolution
		HideSolutionNode = FALSE
	EndGlobalSection
	GlobalSection(ExtensibilityGlobals) = postSolution
		SolutionGuid = {063C673C-F98C-4A46-A950-7608E48E701E}
	EndGlobalSection
EndGlobal
